
Microsoft Visual Studio Solution File, Format Version 12.00
# Visual Studio Version 16
VisualStudioVersion = 16.0.31019.35
MinimumVisualStudioVersion = 10.0.40219.1
Project("{FAE04EC0-301F-11D3-BF4B-00C04F79EFBC}") = "JotunnModStub", "JotunnModStub\JotunnModStub.csproj", "{DEAF4438-8089-40ED-8175-398E1261D45B}"
EndProject
Project("{FAE04EC0-301F-11D3-BF4B-00C04F79EFBC}") = "PaddysJVLmods", "PaddysJVLmods\PaddysJVLmods.csproj", "{A95797AF-9493-4315-9A4D-8F79EFE7527E}"
EndProject
Project("{FAE04EC0-301F-11D3-BF4B-00C04F79EFBC}") = "CombatTweaks", "CombatTweaks\CombatTweaks.csproj", "{5CC16E97-B7AC-4156-B2C3-215DE3698851}"
EndProject
Project("{FAE04EC0-301F-11D3-BF4B-00C04F79EFBC}") = "ItemDropDecayConfig", "ItemDropDecayConfig\ItemDropDecayConfig.csproj", "{1EB53D5C-93AA-4E15-851C-C4DA8D632F80}"
EndProject
Project("{FAE04EC0-301F-11D3-BF4B-00C04F79EFBC}") = "StackingNotifications", "StackingNotifications\StackingNotifications.csproj", "{D45E86F6-ED8A-4C7D-A946-C3D72F05AEDB}"
EndProject
Project("{FAE04EC0-301F-11D3-BF4B-00C04F79EFBC}") = "SkillfulProgression", "SkillfulProgression\SkillfulProgression.csproj", "{A4633DFC-D6DB-4AD7-B1FB-2C0BA80A0CB5}"
EndProject
Project("{FAE04EC0-301F-11D3-BF4B-00C04F79EFBC}") = "ClientIncompatTest", "ClientIncompatTest\ClientIncompatTest.csproj", "{D2AD2836-EBBF-4F72-B980-D187C638FA2D}"
EndProject
Project("{FAE04EC0-301F-11D3-BF4B-00C04F79EFBC}") = "ServerIncompatTest", "ServerIncompatTest\ServerIncompatTest.csproj", "{DEF62858-574B-4655-96AC-A98E71CA6C8C}"
EndProject
Project("{FAE04EC0-301F-11D3-BF4B-00C04F79EFBC}") = "BatchCraft", "BatchCraft\BatchCraft.csproj", "{B7636C16-21A3-412A-8E85-4578912031EA}"
EndProject
Global
	GlobalSection(SolutionConfigurationPlatforms) = preSolution
		Debug|Any CPU = Debug|Any CPU
		Release|Any CPU = Release|Any CPU
	EndGlobalSection
	GlobalSection(ProjectConfigurationPlatforms) = postSolution
		{DEAF4438-8089-40ED-8175-398E1261D45B}.Debug|Any CPU.ActiveCfg = Debug|Any CPU
		{DEAF4438-8089-40ED-8175-398E1261D45B}.Debug|Any CPU.Build.0 = Debug|Any CPU
		{DEAF4438-8089-40ED-8175-398E1261D45B}.Release|Any CPU.ActiveCfg = Release|Any CPU
		{DEAF4438-8089-40ED-8175-398E1261D45B}.Release|Any CPU.Build.0 = Release|Any CPU
		{A95797AF-9493-4315-9A4D-8F79EFE7527E}.Debug|Any CPU.ActiveCfg = Debug|Any CPU
		{A95797AF-9493-4315-9A4D-8F79EFE7527E}.Debug|Any CPU.Build.0 = Debug|Any CPU
		{A95797AF-9493-4315-9A4D-8F79EFE7527E}.Release|Any CPU.ActiveCfg = Release|Any CPU
		{A95797AF-9493-4315-9A4D-8F79EFE7527E}.Release|Any CPU.Build.0 = Release|Any CPU
		{5CC16E97-B7AC-4156-B2C3-215DE3698851}.Debug|Any CPU.ActiveCfg = Debug|Any CPU
		{5CC16E97-B7AC-4156-B2C3-215DE3698851}.Debug|Any CPU.Build.0 = Debug|Any CPU
		{5CC16E97-B7AC-4156-B2C3-215DE3698851}.Release|Any CPU.ActiveCfg = Release|Any CPU
		{5CC16E97-B7AC-4156-B2C3-215DE3698851}.Release|Any CPU.Build.0 = Release|Any CPU
		{1EB53D5C-93AA-4E15-851C-C4DA8D632F80}.Debug|Any CPU.ActiveCfg = Debug|Any CPU
		{1EB53D5C-93AA-4E15-851C-C4DA8D632F80}.Debug|Any CPU.Build.0 = Debug|Any CPU
		{1EB53D5C-93AA-4E15-851C-C4DA8D632F80}.Release|Any CPU.ActiveCfg = Release|Any CPU
		{1EB53D5C-93AA-4E15-851C-C4DA8D632F80}.Release|Any CPU.Build.0 = Release|Any CPU
		{D45E86F6-ED8A-4C7D-A946-C3D72F05AEDB}.Debug|Any CPU.ActiveCfg = Debug|Any CPU
		{D45E86F6-ED8A-4C7D-A946-C3D72F05AEDB}.Debug|Any CPU.Build.0 = Debug|Any CPU
		{D45E86F6-ED8A-4C7D-A946-C3D72F05AEDB}.Release|Any CPU.ActiveCfg = Release|Any CPU
		{D45E86F6-ED8A-4C7D-A946-C3D72F05AEDB}.Release|Any CPU.Build.0 = Release|Any CPU
		{A4633DFC-D6DB-4AD7-B1FB-2C0BA80A0CB5}.Debug|Any CPU.ActiveCfg = Debug|Any CPU
		{A4633DFC-D6DB-4AD7-B1FB-2C0BA80A0CB5}.Debug|Any CPU.Build.0 = Debug|Any CPU
		{A4633DFC-D6DB-4AD7-B1FB-2C0BA80A0CB5}.Release|Any CPU.ActiveCfg = Release|Any CPU
		{A4633DFC-D6DB-4AD7-B1FB-2C0BA80A0CB5}.Release|Any CPU.Build.0 = Release|Any CPU
		{D2AD2836-EBBF-4F72-B980-D187C638FA2D}.Debug|Any CPU.ActiveCfg = Debug|Any CPU
		{D2AD2836-EBBF-4F72-B980-D187C638FA2D}.Debug|Any CPU.Build.0 = Debug|Any CPU
		{D2AD2836-EBBF-4F72-B980-D187C638FA2D}.Release|Any CPU.ActiveCfg = Release|Any CPU
		{D2AD2836-EBBF-4F72-B980-D187C638FA2D}.Release|Any CPU.Build.0 = Release|Any CPU
		{DEF62858-574B-4655-96AC-A98E71CA6C8C}.Debug|Any CPU.ActiveCfg = Debug|Any CPU
		{DEF62858-574B-4655-96AC-A98E71CA6C8C}.Debug|Any CPU.Build.0 = Debug|Any CPU
		{DEF62858-574B-4655-96AC-A98E71CA6C8C}.Release|Any CPU.ActiveCfg = Release|Any CPU
		{DEF62858-574B-4655-96AC-A98E71CA6C8C}.Release|Any CPU.Build.0 = Release|Any CPU
		{B7636C16-21A3-412A-8E85-4578912031EA}.Debug|Any CPU.ActiveCfg = Debug|Any CPU
		{B7636C16-21A3-412A-8E85-4578912031EA}.Debug|Any CPU.Build.0 = Debug|Any CPU
		{B7636C16-21A3-412A-8E85-4578912031EA}.Release|Any CPU.ActiveCfg = Release|Any CPU
		{B7636C16-21A3-412A-8E85-4578912031EA}.Release|Any CPU.Build.0 = Release|Any CPU
	EndGlobalSection
	GlobalSection(SolutionProperties) = preSolution
		HideSolutionNode = FALSE
	EndGlobalSection
	GlobalSection(ExtensibilityGlobals) = postSolution
		SolutionGuid = {04FA40AF-91D5-4CE8-92ED-7530C8DF0D5E}
	EndGlobalSection
EndGlobal
